
Microsoft Visual Studio Solution File, Format Version 12.00
# Visual Studio 15
VisualStudioVersion = 15.0.27130.2027
MinimumVisualStudioVersion = 10.0.40219.1
Project("{FAE04EC0-301F-11D3-BF4B-00C04F79EFBC}") = "Lands.Android", "Lands\Lands.Android\Lands.Android.csproj", "{0E5FE5BA-8B8A-4E88-85B9-1F2C49D0418E}"
EndProject
Project("{FAE04EC0-301F-11D3-BF4B-00C04F79EFBC}") = "Lands.iOS", "Lands\Lands.iOS\Lands.iOS.csproj", "{106B8A9E-1A7E-4A40-A56B-C64E6E541480}"
EndProject
Project("{FAE04EC0-301F-11D3-BF4B-00C04F79EFBC}") = "Lands", "Lands\Lands\Lands.csproj", "{378BDF03-11DF-49A9-A7EA-93B095ED88C7}"
EndProject
Global
	GlobalSection(SolutionConfigurationPlatforms) = preSolution
		Ad-Hoc|Any CPU = Ad-Hoc|Any CPU
		Ad-Hoc|iPhone = Ad-Hoc|iPhone
		Ad-Hoc|iPhoneSimulator = Ad-Hoc|iPhoneSimulator
		AppStore|Any CPU = AppStore|Any CPU
		AppStore|iPhone = AppStore|iPhone
		AppStore|iPhoneSimulator = AppStore|iPhoneSimulator
		Debug|Any CPU = Debug|Any CPU
		Debug|iPhone = Debug|iPhone
		Debug|iPhoneSimulator = Debug|iPhoneSimulator
		Release|Any CPU = Release|Any CPU
		Release|iPhone = Release|iPhone
		Release|iPhoneSimulator = Release|iPhoneSimulator
	EndGlobalSection
	GlobalSection(ProjectConfigurationPlatforms) = postSolution
		{0E5FE5BA-8B8A-4E88-85B9-1F2C49D0418E}.Ad-Hoc|Any CPU.ActiveCfg = Release|Any CPU
		{0E5FE5BA-8B8A-4E88-85B9-1F2C49D0418E}.Ad-Hoc|Any CPU.Build.0 = Release|Any CPU
		{0E5FE5BA-8B8A-4E88-85B9-1F2C49D0418E}.Ad-Hoc|Any CPU.Deploy.0 = Release|Any CPU
		{0E5FE5BA-8B8A-4E88-85B9-1F2C49D0418E}.Ad-Hoc|iPhone.ActiveCfg = Release|Any CPU
		{0E5FE5BA-8B8A-4E88-85B9-1F2C49D0418E}.Ad-Hoc|iPhone.Build.0 = Release|Any CPU
		{0E5FE5BA-8B8A-4E88-85B9-1F2C49D0418E}.Ad-Hoc|iPhone.Deploy.0 = Release|Any CPU
		{0E5FE5BA-8B8A-4E88-85B9-1F2C49D0418E}.Ad-Hoc|iPhoneSimulator.ActiveCfg = Release|Any CPU
		{0E5FE5BA-8B8A-4E88-85B9-1F2C49D0418E}.Ad-Hoc|iPhoneSimulator.Build.0 = Release|Any CPU
		{0E5FE5BA-8B8A-4E88-85B9-1F2C49D0418E}.Ad-Hoc|iPhoneSimulator.Deploy.0 = Release|Any CPU
		{0E5FE5BA-8B8A-4E88-85B9-1F2C49D0418E}.AppStore|Any CPU.ActiveCfg = Release|Any CPU
		{0E5FE5BA-8B8A-4E88-85B9-1F2C49D0418E}.AppStore|Any CPU.Build.0 = Release|Any CPU
		{0E5FE5BA-8B8A-4E88-85B9-1F2C49D0418E}.AppStore|Any CPU.Deploy.0 = Release|Any CPU
		{0E5FE5BA-8B8A-4E88-85B9-1F2C49D0418E}.AppStore|iPhone.ActiveCfg = Release|Any CPU
		{0E5FE5BA-8B8A-4E88-85B9-1F2C49D0418E}.AppStore|iPhone.Build.0 = Release|Any CPU
		{0E5FE5BA-8B8A-4E88-85B9-1F2C49D0418E}.AppStore|iPhone.Deploy.0 = Release|Any CPU
		{0E5FE5BA-8B8A-4E88-85B9-1F2C49D0418E}.AppStore|iPhoneSimulator.ActiveCfg = Release|Any CPU
		{0E5FE5BA-8B8A-4E88-85B9-1F2C49D0418E}.AppStore|iPhoneSimulator.Build.0 = Release|Any CPU
		{0E5FE5BA-8B8A-4E88-85B9-1F2C49D0418E}.AppStore|iPhoneSimulator.Deploy.0 = Release|Any CPU
		{0E5FE5BA-8B8A-4E88-85B9-1F2C49D0418E}.Debug|Any CPU.ActiveCfg = Debug|Any CPU
		{0E5FE5BA-8B8A-4E88-85B9-1F2C49D0418E}.Debug|Any CPU.Build.0 = Debug|Any CPU
		{0E5FE5BA-8B8A-4E88-85B9-1F2C49D0418E}.Debug|Any CPU.Deploy.0 = Debug|Any CPU
		{0E5FE5BA-8B8A-4E88-85B9-1F2C49D0418E}.Debug|iPhone.ActiveCfg = Debug|Any CPU
		{0E5FE5BA-8B8A-4E88-85B9-1F2C49D0418E}.Debug|iPhone.Build.0 = Debug|Any CPU
		{0E5FE5BA-8B8A-4E88-85B9-1F2C49D0418E}.Debug|iPhone.Deploy.0 = Debug|Any CPU
		{0E5FE5BA-8B8A-4E88-85B9-1F2C49D0418E}.Debug|iPhoneSimulator.ActiveCfg = Debug|Any CPU
		{0E5FE5BA-8B8A-4E88-85B9-1F2C49D0418E}.Debug|iPhoneSimulator.Build.0 = Debug|Any CPU
		{0E5FE5BA-8B8A-4E88-85B9-1F2C49D0418E}.Debug|iPhoneSimulator.Deploy.0 = Debug|Any CPU
		{0E5FE5BA-8B8A-4E88-85B9-1F2C49D0418E}.Release|Any CPU.ActiveCfg = Release|Any CPU
		{0E5FE5BA-8B8A-4E88-85B9-1F2C49D0418E}.Release|Any CPU.Build.0 = Release|Any CPU
		{0E5FE5BA-8B8A-4E88-85B9-1F2C49D0418E}.Release|Any CPU.Deploy.0 = Release|Any CPU
		{0E5FE5BA-8B8A-4E88-85B9-1F2C49D0418E}.Release|iPhone.ActiveCfg = Release|Any CPU
		{0E5FE5BA-8B8A-4E88-85B9-1F2C49D0418E}.Release|iPhone.Build.0 = Release|Any CPU
		{0E5FE5BA-8B8A-4E88-85B9-1F2C49D0418E}.Release|iPhone.Deploy.0 = Release|Any CPU
		{0E5FE5BA-8B8A-4E88-85B9-1F2C49D0418E}.Release|iPhoneSimulator.ActiveCfg = Release|Any CPU
		{0E5FE5BA-8B8A-4E88-85B9-1F2C49D0418E}.Release|iPhoneSimulator.Build.0 = Release|Any CPU
		{0E5FE5BA-8B8A-4E88-85B9-1F2C49D0418E}.Release|iPhoneSimulator.Deploy.0 = Release|Any CPU
		{106B8A9E-1A7E-4A40-A56B-C64E6E541480}.Ad-Hoc|Any CPU.ActiveCfg = Ad-Hoc|iPhone
		{106B8A9E-1A7E-4A40-A56B-C64E6E541480}.Ad-Hoc|iPhone.ActiveCfg = Ad-Hoc|iPhone
		{106B8A9E-1A7E-4A40-A56B-C64E6E541480}.Ad-Hoc|iPhone.Build.0 = Ad-Hoc|iPhone
		{106B8A9E-1A7E-4A40-A56B-C64E6E541480}.Ad-Hoc|iPhoneSimulator.ActiveCfg = Ad-Hoc|iPhoneSimulator
		{106B8A9E-1A7E-4A40-A56B-C64E6E541480}.Ad-Hoc|iPhoneSimulator.Build.0 = Ad-Hoc|iPhoneSimulator
		{106B8A9E-1A7E-4A40-A56B-C64E6E541480}.AppStore|Any CPU.ActiveCfg = AppStore|iPhone
		{106B8A9E-1A7E-4A40-A56B-C64E6E541480}.AppStore|iPhone.ActiveCfg = AppStore|iPhone
		{106B8A9E-1A7E-4A40-A56B-C64E6E541480}.AppStore|iPhone.Build.0 = AppStore|iPhone
		{106B8A9E-1A7E-4A40-A56B-C64E6E541480}.AppStore|iPhoneSimulator.ActiveCfg = AppStore|iPhoneSimulator
		{106B8A9E-1A7E-4A40-A56B-C64E6E541480}.AppStore|iPhoneSimulator.Build.0 = AppStore|iPhoneSimulator
		{106B8A9E-1A7E-4A40-A56B-C64E6E541480}.Debug|Any CPU.ActiveCfg = Debug|iPhone
		{106B8A9E-1A7E-4A40-A56B-C64E6E541480}.Debug|iPhone.ActiveCfg = Debug|iPhone
		{106B8A9E-1A7E-4A40-A56B-C64E6E541480}.Debug|iPhone.Build.0 = Debug|iPhone
		{106B8A9E-1A7E-4A40-A56B-C64E6E541480}.Debug|iPhoneSimulator.ActiveCfg = Debug|iPhoneSimulator
		{106B8A9E-1A7E-4A40-A56B-C64E6E541480}.Debug|iPhoneSimulator.Build.0 = Debug|iPhoneSimulator
		{106B8A9E-1A7E-4A40-A56B-C64E6E541480}.Release|Any CPU.ActiveCfg = Release|iPhone
		{106B8A9E-1A7E-4A40-A56B-C64E6E541480}.Release|iPhone.ActiveCfg = Release|iPhone
		{106B8A9E-1A7E-4A40-A56B-C64E6E541480}.Release|iPhone.Build.0 = Release|iPhone
		{106B8A9E-1A7E-4A40-A56B-C64E6E541480}.Release|iPhoneSimulator.ActiveCfg = Release|iPhoneSimulator
		{106B8A9E-1A7E-4A40-A56B-C64E6E541480}.Release|iPhoneSimulator.Build.0 = Release|iPhoneSimulator
		{378BDF03-11DF-49A9-A7EA-93B095ED88C7}.Ad-Hoc|Any CPU.ActiveCfg = Debug|Any CPU
		{378BDF03-11DF-49A9-A7EA-93B095ED88C7}.Ad-Hoc|Any CPU.Build.0 = Debug|Any CPU
		{378BDF03-11DF-49A9-A7EA-93B095ED88C7}.Ad-Hoc|iPhone.ActiveCfg = Debug|Any CPU
		{378BDF03-11DF-49A9-A7EA-93B095ED88C7}.Ad-Hoc|iPhone.Build.0 = Debug|Any CPU
		{378BDF03-11DF-49A9-A7EA-93B095ED88C7}.Ad-Hoc|iPhoneSimulator.ActiveCfg = Debug|Any CPU
		{378BDF03-11DF-49A9-A7EA-93B095ED88C7}.Ad-Hoc|iPhoneSimulator.Build.0 = Debug|Any CPU
		{378BDF03-11DF-49A9-A7EA-93B095ED88C7}.AppStore|Any CPU.ActiveCfg = Debug|Any CPU
		{378BDF03-11DF-49A9-A7EA-93B095ED88C7}.AppStore|Any CPU.Build.0 = Debug|Any CPU
		{378BDF03-11DF-49A9-A7EA-93B095ED88C7}.AppStore|iPhone.ActiveCfg = Debug|Any CPU
		{378BDF03-11DF-49A9-A7EA-93B095ED88C7}.AppStore|iPhone.Build.0 = Debug|Any CPU
		{378BDF03-11DF-49A9-A7EA-93B095ED88C7}.AppStore|iPhoneSimulator.ActiveCfg = Debug|Any CPU
		{378BDF03-11DF-49A9-A7EA-93B095ED88C7}.AppStore|iPhoneSimulator.Build.0 = Debug|Any CPU
		{378BDF03-11DF-49A9-A7EA-93B095ED88C7}.Debug|Any CPU.ActiveCfg = Debug|Any CPU
		{378BDF03-11DF-49A9-A7EA-93B095ED88C7}.Debug|Any CPU.Build.0 = Debug|Any CPU
		{378BDF03-11DF-49A9-A7EA-93B095ED88C7}.Debug|iPhone.ActiveCfg = Debug|Any CPU
		{378BDF03-11DF-49A9-A7EA-93B095ED88C7}.Debug|iPhone.Build.0 = Debug|Any CPU
		{378BDF03-11DF-49A9-A7EA-93B095ED88C7}.Debug|iPhoneSimulator.ActiveCfg = Debug|Any CPU
		{378BDF03-11DF-49A9-A7EA-93B095ED88C7}.Debug|iPhoneSimulator.Build.0 = Debug|Any CPU
		{378BDF03-11DF-49A9-A7EA-93B095ED88C7}.Release|Any CPU.ActiveCfg = Release|Any CPU
		{378BDF03-11DF-49A9-A7EA-93B095ED88C7}.Release|Any CPU.Build.0 = Release|Any CPU
		{378BDF03-11DF-49A9-A7EA-93B095ED88C7}.Release|iPhone.ActiveCfg = Release|Any CPU
		{378BDF03-11DF-49A9-A7EA-93B095ED88C7}.Release|iPhone.Build.0 = Release|Any CPU
		{378BDF03-11DF-49A9-A7EA-93B095ED88C7}.Release|iPhoneSimulator.ActiveCfg = Release|Any CPU
		{378BDF03-11DF-49A9-A7EA-93B095ED88C7}.Release|iPhoneSimulator.Build.0 = Release|Any CPU
	EndGlobalSection
	GlobalSection(SolutionProperties) = preSolution
		HideSolutionNode = FALSE
	EndGlobalSection
	GlobalSection(ExtensibilityGlobals) = postSolution
		SolutionGuid = {063E23C6-7179-46EA-B11D-1CBF6E0245A6}
	EndGlobalSection
EndGlobal
